
Microsoft Visual Studio Solution File, Format Version 12.00
# Visual Studio 15
VisualStudioVersion = 15.0.26430.16
MinimumVisualStudioVersion = 10.0.40219.1
Project("{FAE04EC0-301F-11D3-BF4B-00C04F79EFBC}") = "RotateArrayOfStrings", "RotateArrayOfStrings\RotateArrayOfStrings.csproj", "{CC8492F1-57AA-4D61-8207-F6EF8B01A407}"
EndProject
Project("{FAE04EC0-301F-11D3-BF4B-00C04F79EFBC}") = "OddNumbersAtOddPositions", "OddNumbersAtOddPositions\OddNumbersAtOddPositions.csproj", "{262509D3-554C-4877-8D8C-F393E9218C2E}"
EndProject
Project("{FAE04EC0-301F-11D3-BF4B-00C04F79EFBC}") = "ArrayContainsElements", "ArrayContainsElements\ArrayContainsElements.csproj", "{3D4AB650-48B1-4376-BF3F-4D2047A6050C}"
EndProject
Project("{FAE04EC0-301F-11D3-BF4B-00C04F79EFBC}") = "SortNumbers", "SortNumbers\SortNumbers.csproj", "{DCD8FFD5-BFD1-4F95-B4ED-6B79EA7572DF}"
EndProject
Project("{FAE04EC0-301F-11D3-BF4B-00C04F79EFBC}") = "OptimizeArrayRotations", "OptimizeArrayRotations\OptimizeArrayRotations.csproj", "{B5093D4B-53DC-4BBA-9FC0-53FF52482649}"
EndProject
Project("{FAE04EC0-301F-11D3-BF4B-00C04F79EFBC}") = "LargestNElements", "LargestNElements\LargestNElements.csproj", "{7CBE6585-47CC-40CD-AD94-261E897C140D}"
EndProject
Project("{FAE04EC0-301F-11D3-BF4B-00C04F79EFBC}") = "JumpAround", "JumpAround\JumpAround.csproj", "{B8F2E031-5969-46D9-8D75-000FD09DBD21}"
EndProject
Project("{FAE04EC0-301F-11D3-BF4B-00C04F79EFBC}") = "DecodeRadioFrequences", "DecodeRadioFrequences\DecodeRadioFrequences.csproj", "{3E879E4F-DFD8-42B0-A8EC-57A17CF7156A}"
EndProject
Project("{FAE04EC0-301F-11D3-BF4B-00C04F79EFBC}") = "AnonymousThreat", "AnonymousThreat\AnonymousThreat.csproj", "{9305177C-FCEA-400C-A7FA-FAB7A7B7A08B}"
EndProject
Project("{FAE04EC0-301F-11D3-BF4B-00C04F79EFBC}") = "Icarus", "Icarus\Icarus.csproj", "{AC29AF7C-574B-4E60-B75B-1D8513DC5C9F}"
EndProject
Project("{FAE04EC0-301F-11D3-BF4B-00C04F79EFBC}") = "PokemonDontGo", "PokemonDontGo\PokemonDontGo.csproj", "{1FC53483-813E-4B56-A8D8-28670D391EA5}"
EndProject
Project("{FAE04EC0-301F-11D3-BF4B-00C04F79EFBC}") = "HornetAssault", "HornetAssault\HornetAssault.csproj", "{C8B1166C-1C06-4E00-9647-71322F6D17E2}"
EndProject
Project("{FAE04EC0-301F-11D3-BF4B-00C04F79EFBC}") = "ArrayManipulator", "ArrayManipulator\ArrayManipulator.csproj", "{A9CF51E1-3557-487E-8E2C-C8D9AD751E95}"
EndProject
Project("{FAE04EC0-301F-11D3-BF4B-00C04F79EFBC}") = "CommandInterpreter", "CommandInterpreter\CommandInterpreter.csproj", "{4DFBF5F2-D62B-4C7D-8348-285CD7935864}"
EndProject
Project("{FAE04EC0-301F-11D3-BF4B-00C04F79EFBC}") = "Entertrain", "Entertrain\Entertrain.csproj", "{72ACA77A-5271-410D-B407-6E7CE10F5A09}"
EndProject
Project("{FAE04EC0-301F-11D3-BF4B-00C04F79EFBC}") = "HornetComm", "HornetComm\HornetComm.csproj", "{B8EF9E63-BF26-4E4E-A46E-C88E005C964D}"
EndProject
Project("{FAE04EC0-301F-11D3-BF4B-00C04F79EFBC}") = "Ladybugs", "Ladybugs\Ladybugs.csproj", "{CE271961-4451-4C61-A38F-AC9D3B0A2E8C}"
EndProject
Project("{FAE04EC0-301F-11D3-BF4B-00C04F79EFBC}") = "SoftUniKaraoke", "SoftUniKaraoke\SoftUniKaraoke.csproj", "{F0F1CDEF-AAAE-4397-A81C-8B1A938DB053}"
EndProject
Project("{FAE04EC0-301F-11D3-BF4B-00C04F79EFBC}") = "SpyGram", "SpyGram\SpyGram.csproj", "{97B6A77C-AF04-483C-B6F4-1A3F4E5D9786}"
EndProject
Project("{FAE04EC0-301F-11D3-BF4B-00C04F79EFBC}") = "WormIpsum", "WormIpsum\WormIpsum.csproj", "{DBF96081-7619-4DCE-B63D-57A84AC37AAA}"
EndProject
Project("{FAE04EC0-301F-11D3-BF4B-00C04F79EFBC}") = "Rainer", "..\..\..\Desktop\Programming Fundamentals Extended November 2017\ProgrFundamentalsExam10122017\Rainer\Rainer.csproj", "{A903988F-F652-4ACB-BBE7-E218BE2068BA}"
EndProject
Global
	GlobalSection(SolutionConfigurationPlatforms) = preSolution
		Debug|Any CPU = Debug|Any CPU
		Release|Any CPU = Release|Any CPU
	EndGlobalSection
	GlobalSection(ProjectConfigurationPlatforms) = postSolution
		{CC8492F1-57AA-4D61-8207-F6EF8B01A407}.Debug|Any CPU.ActiveCfg = Debug|Any CPU
		{CC8492F1-57AA-4D61-8207-F6EF8B01A407}.Debug|Any CPU.Build.0 = Debug|Any CPU
		{CC8492F1-57AA-4D61-8207-F6EF8B01A407}.Release|Any CPU.ActiveCfg = Release|Any CPU
		{CC8492F1-57AA-4D61-8207-F6EF8B01A407}.Release|Any CPU.Build.0 = Release|Any CPU
		{262509D3-554C-4877-8D8C-F393E9218C2E}.Debug|Any CPU.ActiveCfg = Debug|Any CPU
		{262509D3-554C-4877-8D8C-F393E9218C2E}.Debug|Any CPU.Build.0 = Debug|Any CPU
		{262509D3-554C-4877-8D8C-F393E9218C2E}.Release|Any CPU.ActiveCfg = Release|Any CPU
		{262509D3-554C-4877-8D8C-F393E9218C2E}.Release|Any CPU.Build.0 = Release|Any CPU
		{3D4AB650-48B1-4376-BF3F-4D2047A6050C}.Debug|Any CPU.ActiveCfg = Debug|Any CPU
		{3D4AB650-48B1-4376-BF3F-4D2047A6050C}.Debug|Any CPU.Build.0 = Debug|Any CPU
		{3D4AB650-48B1-4376-BF3F-4D2047A6050C}.Release|Any CPU.ActiveCfg = Release|Any CPU
		{3D4AB650-48B1-4376-BF3F-4D2047A6050C}.Release|Any CPU.Build.0 = Release|Any CPU
		{DCD8FFD5-BFD1-4F95-B4ED-6B79EA7572DF}.Debug|Any CPU.ActiveCfg = Debug|Any CPU
		{DCD8FFD5-BFD1-4F95-B4ED-6B79EA7572DF}.Debug|Any CPU.Build.0 = Debug|Any CPU
		{DCD8FFD5-BFD1-4F95-B4ED-6B79EA7572DF}.Release|Any CPU.ActiveCfg = Release|Any CPU
		{DCD8FFD5-BFD1-4F95-B4ED-6B79EA7572DF}.Release|Any CPU.Build.0 = Release|Any CPU
		{B5093D4B-53DC-4BBA-9FC0-53FF52482649}.Debug|Any CPU.ActiveCfg = Debug|Any CPU
		{B5093D4B-53DC-4BBA-9FC0-53FF52482649}.Debug|Any CPU.Build.0 = Debug|Any CPU
		{B5093D4B-53DC-4BBA-9FC0-53FF52482649}.Release|Any CPU.ActiveCfg = Release|Any CPU
		{B5093D4B-53DC-4BBA-9FC0-53FF52482649}.Release|Any CPU.Build.0 = Release|Any CPU
		{7CBE6585-47CC-40CD-AD94-261E897C140D}.Debug|Any CPU.ActiveCfg = Debug|Any CPU
		{7CBE6585-47CC-40CD-AD94-261E897C140D}.Debug|Any CPU.Build.0 = Debug|Any CPU
		{7CBE6585-47CC-40CD-AD94-261E897C140D}.Release|Any CPU.ActiveCfg = Release|Any CPU
		{7CBE6585-47CC-40CD-AD94-261E897C140D}.Release|Any CPU.Build.0 = Release|Any CPU
		{B8F2E031-5969-46D9-8D75-000FD09DBD21}.Debug|Any CPU.ActiveCfg = Debug|Any CPU
		{B8F2E031-5969-46D9-8D75-000FD09DBD21}.Debug|Any CPU.Build.0 = Debug|Any CPU
		{B8F2E031-5969-46D9-8D75-000FD09DBD21}.Release|Any CPU.ActiveCfg = Release|Any CPU
		{B8F2E031-5969-46D9-8D75-000FD09DBD21}.Release|Any CPU.Build.0 = Release|Any CPU
		{3E879E4F-DFD8-42B0-A8EC-57A17CF7156A}.Debug|Any CPU.ActiveCfg = Debug|Any CPU
		{3E879E4F-DFD8-42B0-A8EC-57A17CF7156A}.Debug|Any CPU.Build.0 = Debug|Any CPU
		{3E879E4F-DFD8-42B0-A8EC-57A17CF7156A}.Release|Any CPU.ActiveCfg = Release|Any CPU
		{3E879E4F-DFD8-42B0-A8EC-57A17CF7156A}.Release|Any CPU.Build.0 = Release|Any CPU
		{9305177C-FCEA-400C-A7FA-FAB7A7B7A08B}.Debug|Any CPU.ActiveCfg = Debug|Any CPU
		{9305177C-FCEA-400C-A7FA-FAB7A7B7A08B}.Debug|Any CPU.Build.0 = Debug|Any CPU
		{9305177C-FCEA-400C-A7FA-FAB7A7B7A08B}.Release|Any CPU.ActiveCfg = Release|Any CPU
		{9305177C-FCEA-400C-A7FA-FAB7A7B7A08B}.Release|Any CPU.Build.0 = Release|Any CPU
		{AC29AF7C-574B-4E60-B75B-1D8513DC5C9F}.Debug|Any CPU.ActiveCfg = Debug|Any CPU
		{AC29AF7C-574B-4E60-B75B-1D8513DC5C9F}.Debug|Any CPU.Build.0 = Debug|Any CPU
		{AC29AF7C-574B-4E60-B75B-1D8513DC5C9F}.Release|Any CPU.ActiveCfg = Release|Any CPU
		{AC29AF7C-574B-4E60-B75B-1D8513DC5C9F}.Release|Any CPU.Build.0 = Release|Any CPU
		{1FC53483-813E-4B56-A8D8-28670D391EA5}.Debug|Any CPU.ActiveCfg = Debug|Any CPU
		{1FC53483-813E-4B56-A8D8-28670D391EA5}.Debug|Any CPU.Build.0 = Debug|Any CPU
		{1FC53483-813E-4B56-A8D8-28670D391EA5}.Release|Any CPU.ActiveCfg = Release|Any CPU
		{1FC53483-813E-4B56-A8D8-28670D391EA5}.Release|Any CPU.Build.0 = Release|Any CPU
		{C8B1166C-1C06-4E00-9647-71322F6D17E2}.Debug|Any CPU.ActiveCfg = Debug|Any CPU
		{C8B1166C-1C06-4E00-9647-71322F6D17E2}.Debug|Any CPU.Build.0 = Debug|Any CPU
		{C8B1166C-1C06-4E00-9647-71322F6D17E2}.Release|Any CPU.ActiveCfg = Release|Any CPU
		{C8B1166C-1C06-4E00-9647-71322F6D17E2}.Release|Any CPU.Build.0 = Release|Any CPU
		{A9CF51E1-3557-487E-8E2C-C8D9AD751E95}.Debug|Any CPU.ActiveCfg = Debug|Any CPU
		{A9CF51E1-3557-487E-8E2C-C8D9AD751E95}.Debug|Any CPU.Build.0 = Debug|Any CPU
		{A9CF51E1-3557-487E-8E2C-C8D9AD751E95}.Release|Any CPU.ActiveCfg = Release|Any CPU
		{A9CF51E1-3557-487E-8E2C-C8D9AD751E95}.Release|Any CPU.Build.0 = Release|Any CPU
		{4DFBF5F2-D62B-4C7D-8348-285CD7935864}.Debug|Any CPU.ActiveCfg = Debug|Any CPU
		{4DFBF5F2-D62B-4C7D-8348-285CD7935864}.Debug|Any CPU.Build.0 = Debug|Any CPU
		{4DFBF5F2-D62B-4C7D-8348-285CD7935864}.Release|Any CPU.ActiveCfg = Release|Any CPU
		{4DFBF5F2-D62B-4C7D-8348-285CD7935864}.Release|Any CPU.Build.0 = Release|Any CPU
		{72ACA77A-5271-410D-B407-6E7CE10F5A09}.Debug|Any CPU.ActiveCfg = Debug|Any CPU
		{72ACA77A-5271-410D-B407-6E7CE10F5A09}.Debug|Any CPU.Build.0 = Debug|Any CPU
		{72ACA77A-5271-410D-B407-6E7CE10F5A09}.Release|Any CPU.ActiveCfg = Release|Any CPU
		{72ACA77A-5271-410D-B407-6E7CE10F5A09}.Release|Any CPU.Build.0 = Release|Any CPU
		{B8EF9E63-BF26-4E4E-A46E-C88E005C964D}.Debug|Any CPU.ActiveCfg = Debug|Any CPU
		{B8EF9E63-BF26-4E4E-A46E-C88E005C964D}.Debug|Any CPU.Build.0 = Debug|Any CPU
		{B8EF9E63-BF26-4E4E-A46E-C88E005C964D}.Release|Any CPU.ActiveCfg = Release|Any CPU
		{B8EF9E63-BF26-4E4E-A46E-C88E005C964D}.Release|Any CPU.Build.0 = Release|Any CPU
		{CE271961-4451-4C61-A38F-AC9D3B0A2E8C}.Debug|Any CPU.ActiveCfg = Debug|Any CPU
		{CE271961-4451-4C61-A38F-AC9D3B0A2E8C}.Debug|Any CPU.Build.0 = Debug|Any CPU
		{CE271961-4451-4C61-A38F-AC9D3B0A2E8C}.Release|Any CPU.ActiveCfg = Release|Any CPU
		{CE271961-4451-4C61-A38F-AC9D3B0A2E8C}.Release|Any CPU.Build.0 = Release|Any CPU
		{F0F1CDEF-AAAE-4397-A81C-8B1A938DB053}.Debug|Any CPU.ActiveCfg = Debug|Any CPU
		{F0F1CDEF-AAAE-4397-A81C-8B1A938DB053}.Debug|Any CPU.Build.0 = Debug|Any CPU
		{F0F1CDEF-AAAE-4397-A81C-8B1A938DB053}.Release|Any CPU.ActiveCfg = Release|Any CPU
		{F0F1CDEF-AAAE-4397-A81C-8B1A938DB053}.Release|Any CPU.Build.0 = Release|Any CPU
		{97B6A77C-AF04-483C-B6F4-1A3F4E5D9786}.Debug|Any CPU.ActiveCfg = Debug|Any CPU
		{97B6A77C-AF04-483C-B6F4-1A3F4E5D9786}.Debug|Any CPU.Build.0 = Debug|Any CPU
		{97B6A77C-AF04-483C-B6F4-1A3F4E5D9786}.Release|Any CPU.ActiveCfg = Release|Any CPU
		{97B6A77C-AF04-483C-B6F4-1A3F4E5D9786}.Release|Any CPU.Build.0 = Release|Any CPU
		{DBF96081-7619-4DCE-B63D-57A84AC37AAA}.Debug|Any CPU.ActiveCfg = Debug|Any CPU
		{DBF96081-7619-4DCE-B63D-57A84AC37AAA}.Debug|Any CPU.Build.0 = Debug|Any CPU
		{DBF96081-7619-4DCE-B63D-57A84AC37AAA}.Release|Any CPU.ActiveCfg = Release|Any CPU
		{DBF96081-7619-4DCE-B63D-57A84AC37AAA}.Release|Any CPU.Build.0 = Release|Any CPU
		{A903988F-F652-4ACB-BBE7-E218BE2068BA}.Debug|Any CPU.ActiveCfg = Debug|Any CPU
		{A903988F-F652-4ACB-BBE7-E218BE2068BA}.Debug|Any CPU.Build.0 = Debug|Any CPU
		{A903988F-F652-4ACB-BBE7-E218BE2068BA}.Release|Any CPU.ActiveCfg = Release|Any CPU
		{A903988F-F652-4ACB-BBE7-E218BE2068BA}.Release|Any CPU.Build.0 = Release|Any CPU
	EndGlobalSection
	GlobalSection(SolutionProperties) = preSolution
		HideSolutionNode = FALSE
	EndGlobalSection
EndGlobal
